PODS:
  - AWSCore (2.3.6)
  - AWSS3 (2.3.6):
    - AWSCore (= 2.3.6)
  - C2Call-SDK (1.4.1):
    - AWSCore (~> 2.3.5)
    - AWSS3 (~> 2.3.5)
    - Flurry-iOS-SDK/FlurryAds (~> 7.3)
    - Flurry-iOS-SDK/FlurrySDK (~> 7.3)
    - SBJson (~> 4.0)
  - Flurry-iOS-SDK/FlurryAds (7.6.0):
    - Flurry-iOS-SDK/FlurrySDK
  - Flurry-iOS-SDK/FlurrySDK (7.6.0)
  - SBJson (4.0.2)

DEPENDENCIES:
  - C2Call-SDK (from `../`)

EXTERNAL SOURCES:
  C2Call-SDK:
    :path: ../

SPEC CHECKSUMS:
  AWSCore: 917d84b32974136194a905b98c0ae25c9f3350b8
  AWSS3: 1caaf6b45100503fecf3d418c394519a89409a74
  C2Call-SDK: de81359a011337db6dd60f700907ed59e532dc74
  Flurry-iOS-SDK: 9822fe709195f0e3ae3e52c785eee9ff651ff648
  SBJson: c18691cc18375b14664ff0fec841f8c4faef1934

COCOAPODS: 0.39.0
